{
  "name": "Animations",
  "lockfileVersion": 2,
  "requires": true,
  "packages": {
    "": {
      "dependencies": {
        "jarallax": "^2.0.4",
        "parallax-image": "^1.2.2",
        "simple-parallax-js": "^5.6.2"
      }
    },
    "node_modules/jarallax": {
      "version": "2.0.4",
      "resolved": "https://registry.npmjs.org/jarallax/-/jarallax-2.0.4.tgz",
      "integrity": "sha512-vvQXYiRsjhmuD6vmgnkbzFWUBTmOXUFK4ncD8bUQ74rUAaRHFAwE3m4pbOqmxecdljWXtufA4EYVu67+L8PKBA==",
      "dependencies": {
        "video-worker": "^2.0.0"
      }
    },
    "node_modules/parallax-image": {
      "version": "1.2.2",
      "resolved": "https://registry.npmjs.org/parallax-image/-/parallax-image-1.2.2.tgz",
      "integrity": "sha512-ayqnJ0i3YpEwKKh5otA3TD+oYiMEVzp2vsCCuJ12vnyN1+mSw4mB3PcB+htmWoq9CJ2EmqrfymPVGd+HiOsYig=="
    },
    "node_modules/simple-parallax-js": {
      "version": "5.6.2",
      "resolved": "https://registry.npmjs.org/simple-parallax-js/-/simple-parallax-js-5.6.2.tgz",
      "integrity": "sha512-qJPZgg37BstDyvNqONU1YffiJ9P5n4B9IPl5h3kzZ2oEinTRwy1syxfEwTMLXYFHAFCRWXUcWD8yBnVcp8nxdA=="
    },
    "node_modules/video-worker": {
      "version": "2.0.0",
      "resolved": "https://registry.npmjs.org/video-worker/-/video-worker-2.0.0.tgz",
      "integrity": "sha512-hdah9eSOaxDgj8SSE82HQkj4yzgXVK91ceMqJc6/0Q+M2710LTy7J1Jxgw5RDSPRfgMc68YuFtgptnodsje5Fw=="
    }
  },
  "dependencies": {
    "jarallax": {
      "version": "2.0.4",
      "resolved": "https://registry.npmjs.org/jarallax/-/jarallax-2.0.4.tgz",
      "integrity": "sha512-vvQXYiRsjhmuD6vmgnkbzFWUBTmOXUFK4ncD8bUQ74rUAaRHFAwE3m4pbOqmxecdljWXtufA4EYVu67+L8PKBA==",
      "requires": {
        "video-worker": "^2.0.0"
      }
    },
    "parallax-image": {
      "version": "1.2.2",
      "resolved": "https://registry.npmjs.org/parallax-image/-/parallax-image-1.2.2.tgz",
      "integrity": "sha512-ayqnJ0i3YpEwKKh5otA3TD+oYiMEVzp2vsCCuJ12vnyN1+mSw4mB3PcB+htmWoq9CJ2EmqrfymPVGd+HiOsYig=="
    },
    "simple-parallax-js": {
      "version": "5.6.2",
      "resolved": "https://registry.npmjs.org/simple-parallax-js/-/simple-parallax-js-5.6.2.tgz",
      "integrity": "sha512-qJPZgg37BstDyvNqONU1YffiJ9P5n4B9IPl5h3kzZ2oEinTRwy1syxfEwTMLXYFHAFCRWXUcWD8yBnVcp8nxdA=="
    },
    "video-worker": {
      "version": "2.0.0",
      "resolved": "https://registry.npmjs.org/video-worker/-/video-worker-2.0.0.tgz",
      "integrity": "sha512-hdah9eSOaxDgj8SSE82HQkj4yzgXVK91ceMqJc6/0Q+M2710LTy7J1Jxgw5RDSPRfgMc68YuFtgptnodsje5Fw=="
    }
  }
}
